
Microsoft Visual Studio Solution File, Format Version 12.00
# Visual Studio Version 17
VisualStudioVersion = 17.2.32630.192
MinimumVisualStudioVersion = 10.0.40219.1
Project("{FAE04EC0-301F-11D3-BF4B-00C04F79EFBC}") = "eTickets", "eTickets\eTickets.csproj", "{498F5EA9-7001-4BB3-82C2-ECC1D8168D1B}"
EndProject
Global
	GlobalSection(SolutionConfigurationPlatforms) = preSolution
		Debug|Any CPU = Debug|Any CPU
		Release|Any CPU = Release|Any CPU
	EndGlobalSection
	GlobalSection(ProjectConfigurationPlatforms) = postSolution
		{498F5EA9-7001-4BB3-82C2-ECC1D8168D1B}.Debug|Any CPU.ActiveCfg = Debug|Any CPU
		{498F5EA9-7001-4BB3-82C2-ECC1D8168D1B}.Debug|Any CPU.Build.0 = Debug|Any CPU
		{498F5EA9-7001-4BB3-82C2-ECC1D8168D1B}.Release|Any CPU.ActiveCfg = Release|Any CPU
		{498F5EA9-7001-4BB3-82C2-ECC1D8168D1B}.Release|Any CPU.Build.0 = Release|Any CPU
	EndGlobalSection
	GlobalSection(SolutionProperties) = preSolution
		HideSolutionNode = FALSE
	EndGlobalSection
	GlobalSection(ExtensibilityGlobals) = postSolution
		SolutionGuid = {0BB2BEAC-5B64-4107-A56F-2AC74CA1C383}
	EndGlobalSection
EndGlobal
